// !$*UTF8*$!
{
	archiveVersion = 1;
	classes = {
	};
	objectVersion = 50;
	objects = {

/* Begin PBXBuildFile section */
		1B64EC0B844D541A8FBB24D7 /* Pods_idashboardTests.framework in Frameworks */ = {isa = PBXBuildFile; fileRef = C520AE468A87026D9E9D30FB /* Pods_idashboardTests.framework */; };
		302E3B662095CF54004B3FD7 /* subbbalancecell.swift in Sources */ = {isa = PBXBuildFile; fileRef = 302E3B652095CF54004B3FD7 /* subbbalancecell.swift */; };
		302E3B682095CF7E004B3FD7 /* subbbalancecontroller.swift in Sources */ = {isa = PBXBuildFile; fileRef = 302E3B672095CF7E004B3FD7 /* subbbalancecontroller.swift */; };
		302E3B6A2095CFA9004B3FD7 /* subbbalanceobject.swift in Sources */ = {isa = PBXBuildFile; fileRef = 302E3B692095CFA9004B3FD7 /* subbbalanceobject.swift */; };
		305E1E092097F0D0005F90C9 /* fiberactualcontroller.swift in Sources */ = {isa = PBXBuildFile; fileRef = 305E1E082097F0D0005F90C9 /* fiberactualcontroller.swift */; };
		305E1E0B2097F105005F90C9 /* fiberactualcell.swift in Sources */ = {isa = PBXBuildFile; fileRef = 305E1E0A2097F105005F90C9 /* fiberactualcell.swift */; };
		305E1E0D2097F12A005F90C9 /* fiberactualobject.swift in Sources */ = {isa = PBXBuildFile; fileRef = 305E1E0C2097F12A005F90C9 /* fiberactualobject.swift */; };
		305E1E0F2097FF2B005F90C9 /* fiberbalanceobject.swift in Sources */ = {isa = PBXBuildFile; fileRef = 305E1E0E2097FF2B005F90C9 /* fiberbalanceobject.swift */; };
		305E1E112097FF44005F90C9 /* fiberbalancecell.swift in Sources */ = {isa = PBXBuildFile; fileRef = 305E1E102097FF44005F90C9 /* fiberbalancecell.swift */; };
		305E1E132097FF64005F90C9 /* fiberbalancecontroller.swift in Sources */ = {isa = PBXBuildFile; fileRef = 305E1E122097FF64005F90C9 /* fiberbalancecontroller.swift */; };
		305E1E1520980B30005F90C9 /* coloplancontroller.swift in Sources */ = {isa = PBXBuildFile; fileRef = 305E1E1420980B30005F90C9 /* coloplancontroller.swift */; };
		305E1E1720980B4B005F90C9 /* coloplancell.swift in Sources */ = {isa = PBXBuildFile; fileRef = 305E1E1620980B4B005F90C9 /* coloplancell.swift */; };
		305E1E1920980B69005F90C9 /* coloplanobject.swift in Sources */ = {isa = PBXBuildFile; fileRef = 305E1E1820980B69005F90C9 /* coloplanobject.swift */; };
		305E1E1B209828A0005F90C9 /* coloactualobject.swift in Sources */ = {isa = PBXBuildFile; fileRef = 305E1E1A209828A0005F90C9 /* coloactualobject.swift */; };
		305E1E1D209828DB005F90C9 /* coloactualcontroller.swift in Sources */ = {isa = PBXBuildFile; fileRef = 305E1E1C209828DB005F90C9 /* coloactualcontroller.swift */; };
		305E1E1F20982902005F90C9 /* coloactualcell.swift in Sources */ = {isa = PBXBuildFile; fileRef = 305E1E1E20982902005F90C9 /* coloactualcell.swift */; };
		305E1E2120982DC0005F90C9 /* colobalancecontroller.swift in Sources */ = {isa = PBXBuildFile; fileRef = 305E1E2020982DC0005F90C9 /* colobalancecontroller.swift */; };
		305E1E2320982E87005F90C9 /* colobalancecell.swift in Sources */ = {isa = PBXBuildFile; fileRef = 305E1E2220982E87005F90C9 /* colobalancecell.swift */; };
		305E1E2520982EA7005F90C9 /* colobalanceobject.swift in Sources */ = {isa = PBXBuildFile; fileRef = 305E1E2420982EA7005F90C9 /* colobalanceobject.swift */; };
		3073D8FD209306F600BDDA8E /* migratedpage.swift in Sources */ = {isa = PBXBuildFile; fileRef = 3073D8FC209306F600BDDA8E /* migratedpage.swift */; };
		3073D8FF20930E0F00BDDA8E /* projectobject.swift in Sources */ = {isa = PBXBuildFile; fileRef = 3073D8FE20930E0F00BDDA8E /* projectobject.swift */; };
		3073D9012093128700BDDA8E /* projecttypecell.swift in Sources */ = {isa = PBXBuildFile; fileRef = 3073D9002093128700BDDA8E /* projecttypecell.swift */; };
		30864DA220941A1500CB8EEC /* subbplancontroller.swift in Sources */ = {isa = PBXBuildFile; fileRef = 30864DA120941A1500CB8EEC /* subbplancontroller.swift */; };
		30864DA4209428F200CB8EEC /* subbplancell.swift in Sources */ = {isa = PBXBuildFile; fileRef = 30864DA3209428F200CB8EEC /* subbplancell.swift */; };
		30864DA620942A6B00CB8EEC /* subbplanobject.swift in Sources */ = {isa = PBXBuildFile; fileRef = 30864DA520942A6B00CB8EEC /* subbplanobject.swift */; };
		308952462090700900EFD9DE /* dashboardpage.swift in Sources */ = {isa = PBXBuildFile; fileRef = 308952452090700900EFD9DE /* dashboardpage.swift */; };
		3091E28F20901BCE00147F9F /* ragistrationctrl.swift in Sources */ = {isa = PBXBuildFile; fileRef = 3091E28E20901BCE00147F9F /* ragistrationctrl.swift */; };
		309B346D208EBFB600B29C9E /* loginpagecontroller.swift in Sources */ = {isa = PBXBuildFile; fileRef = 309B346C208EBFB600B29C9E /* loginpagecontroller.swift */; };
		30AE7B3F20A13E6400AADC3B /* GoogleService-Info.plist in Resources */ = {isa = PBXBuildFile; fileRef = 30AE7B3E20A13E6400AADC3B /* GoogleService-Info.plist */; };
		30B744742096C6BC0045EC99 /* fiberplancontroller.swift in Sources */ = {isa = PBXBuildFile; fileRef = 30B744732096C6BC0045EC99 /* fiberplancontroller.swift */; };
		30B744762096C7220045EC99 /* fiberplancell.swift in Sources */ = {isa = PBXBuildFile; fileRef = 30B744752096C7220045EC99 /* fiberplancell.swift */; };
		30B744782096C7C30045EC99 /* fiberplanobject.swift in Sources */ = {isa = PBXBuildFile; fileRef = 30B744772096C7C30045EC99 /* fiberplanobject.swift */; };
		30BD23812095492D00BB74D4 /* subbactualcontroller.swift in Sources */ = {isa = PBXBuildFile; fileRef = 30BD23802095492D00BB74D4 /* subbactualcontroller.swift */; };
		30BD238320954B2A00BB74D4 /* subbactualobject.swift in Sources */ = {isa = PBXBuildFile; fileRef = 30BD238220954B2A00BB74D4 /* subbactualobject.swift */; };
		30BD238520954B9500BB74D4 /* subbactualcell.swift in Sources */ = {isa = PBXBuildFile; fileRef = 30BD238420954B9500BB74D4 /* subbactualcell.swift */; };
		30CBA814208DBA740026D45F /* AppDelegate.swift in Sources */ = {isa = PBXBuildFile; fileRef = 30CBA813208DBA740026D45F /* AppDelegate.swift */; };
		30CBA816208DBA740026D45F /* ViewController.swift in Sources */ = {isa = PBXBuildFile; fileRef = 30CBA815208DBA740026D45F /* ViewController.swift */; };
		30CBA819208DBA740026D45F /* Main.storyboard in Resources */ = {isa = PBXBuildFile; fileRef = 30CBA817208DBA740026D45F /* Main.storyboard */; };
		30CBA81B208DBA750026D45F /* Assets.xcassets in Resources */ = {isa = PBXBuildFile; fileRef = 30CBA81A208DBA750026D45F /* Assets.xcassets */; };
		30CBA81E208DBA750026D45F /* LaunchScreen.storyboard in Resources */ = {isa = PBXBuildFile; fileRef = 30CBA81C208DBA750026D45F /* LaunchScreen.storyboard */; };
		30CBA829208DBA760026D45F /* idashboardTests.swift in Sources */ = {isa = PBXBuildFile; fileRef = 30CBA828208DBA760026D45F /* idashboardTests.swift */; };
		30CBA834208DBA760026D45F /* idashboardUITests.swift in Sources */ = {isa = PBXBuildFile; fileRef = 30CBA833208DBA760026D45F /* idashboardUITests.swift */; };
		30D29EC720ABCEA80005EDE6 /* totalsites.swift in Sources */ = {isa = PBXBuildFile; fileRef = 30D29EC620ABCEA70005EDE6 /* totalsites.swift */; };
		30D29EC920ABD2600005EDE6 /* totalsitecell.swift in Sources */ = {isa = PBXBuildFile; fileRef = 30D29EC820ABD2600005EDE6 /* totalsitecell.swift */; };
		39E8D2237197D3CDBC1E3525 /* Pods_idashboard.framework in Frameworks */ = {isa = PBXBuildFile; fileRef = 4EBF00F9C717B8665E8EE447 /* Pods_idashboard.framework */; };
		B9E0A723A7B25FB9218BA8DD /* Pods_idashboardUITests.framework in Frameworks */ = {isa = PBXBuildFile; fileRef = A7BB0E0F4F0435833D9E8AB4 /* Pods_idashboardUITests.framework */; };
/* End PBXBuildFile section */

/* Begin PBXContainerItemProxy section */
		30CBA825208DBA760026D45F /* PBXContainerItemProxy */ = {
			isa = PBXContainerItemProxy;
			containerPortal = 30CBA808208DBA740026D45F /* Project object */;
			proxyType = 1;
			remoteGlobalIDString = 30CBA80F208DBA740026D45F;
			remoteInfo = idashboard;
		};
		30CBA830208DBA760026D45F /* PBXContainerItemProxy */ = {
			isa = PBXContainerItemProxy;
			containerPortal = 30CBA808208DBA740026D45F /* Project object */;
			proxyType = 1;
			remoteGlobalIDString = 30CBA80F208DBA740026D45F;
			remoteInfo = idashboard;
		};
/* End PBXContainerItemProxy section */

/* Begin PBXFileReference section */
		13C37136DBD46082E883BF6D /* Pods-idashboardUITests.release.xcconfig */ = {isa = PBXFileReference; includeInIndex = 1; lastKnownFileType = text.xcconfig; name = "Pods-idashboardUITests.release.xcconfig"; path = "Pods/Target Support Files/Pods-idashboardUITests/Pods-idashboardUITests.release.xcconfig"; sourceTree = "<group>"; };
		302E3B652095CF54004B3FD7 /* subbbalancecell.swift */ = {isa = PBXFileReference; lastKnownFileType = sourcecode.swift; path = subbbalancecell.swift; sourceTree = "<group>"; };
		302E3B672095CF7E004B3FD7 /* subbbalancecontroller.swift */ = {isa = PBXFileReference; lastKnownFileType = sourcecode.swift; path = subbbalancecontroller.swift; sourceTree = "<group>"; };
		302E3B692095CFA9004B3FD7 /* subbbalanceobject.swift */ = {isa = PBXFileReference; lastKnownFileType = sourcecode.swift; path = subbbalanceobject.swift; sourceTree = "<group>"; };
		305E1E082097F0D0005F90C9 /* fiberactualcontroller.swift */ = {isa = PBXFileReference; lastKnownFileType = sourcecode.swift; path = fiberactualcontroller.swift; sourceTree = "<group>"; };
		305E1E0A2097F105005F90C9 /* fiberactualcell.swift */ = {isa = PBXFileReference; lastKnownFileType = sourcecode.swift; path = fiberactualcell.swift; sourceTree = "<group>"; };
		305E1E0C2097F12A005F90C9 /* fiberactualobject.swift */ = {isa = PBXFileReference; lastKnownFileType = sourcecode.swift; path = fiberactualobject.swift; sourceTree = "<group>"; };
		305E1E0E2097FF2B005F90C9 /* fiberbalanceobject.swift */ = {isa = PBXFileReference; lastKnownFileType = sourcecode.swift; path = fiberbalanceobject.swift; sourceTree = "<group>"; };
		305E1E102097FF44005F90C9 /* fiberbalancecell.swift */ = {isa = PBXFileReference; lastKnownFileType = sourcecode.swift; path = fiberbalancecell.swift; sourceTree = "<group>"; };
		305E1E122097FF64005F90C9 /* fiberbalancecontroller.swift */ = {isa = PBXFileReference; lastKnownFileType = sourcecode.swift; path = fiberbalancecontroller.swift; sourceTree = "<group>"; };
		305E1E1420980B30005F90C9 /* coloplancontroller.swift */ = {isa = PBXFileReference; lastKnownFileType = sourcecode.swift; path = coloplancontroller.swift; sourceTree = "<group>"; };
		305E1E1620980B4B005F90C9 /* coloplancell.swift */ = {isa = PBXFileReference; lastKnownFileType = sourcecode.swift; path = coloplancell.swift; sourceTree = "<group>"; };
		305E1E1820980B69005F90C9 /* coloplanobject.swift */ = {isa = PBXFileReference; lastKnownFileType = sourcecode.swift; path = coloplanobject.swift; sourceTree = "<group>"; };
		305E1E1A209828A0005F90C9 /* coloactualobject.swift */ = {isa = PBXFileReference; lastKnownFileType = sourcecode.swift; path = coloactualobject.swift; sourceTree = "<group>"; };
		305E1E1C209828DB005F90C9 /* coloactualcontroller.swift */ = {isa = PBXFileReference; lastKnownFileType = sourcecode.swift; path = coloactualcontroller.swift; sourceTree = "<group>"; };
		305E1E1E20982902005F90C9 /* coloactualcell.swift */ = {isa = PBXFileReference; lastKnownFileType = sourcecode.swift; path = coloactualcell.swift; sourceTree = "<group>"; };
		305E1E2020982DC0005F90C9 /* colobalancecontroller.swift */ = {isa = PBXFileReference; lastKnownFileType = sourcecode.swift; path = colobalancecontroller.swift; sourceTree = "<group>"; };
		305E1E2220982E87005F90C9 /* colobalancecell.swift */ = {isa = PBXFileReference; lastKnownFileType = sourcecode.swift; path = colobalancecell.swift; sourceTree = "<group>"; };
		305E1E2420982EA7005F90C9 /* colobalanceobject.swift */ = {isa = PBXFileReference; lastKnownFileType = sourcecode.swift; path = colobalanceobject.swift; sourceTree = "<group>"; };
		3073D8FC209306F600BDDA8E /* migratedpage.swift */ = {isa = PBXFileReference; lastKnownFileType = sourcecode.swift; path = migratedpage.swift; sourceTree = "<group>"; };
		3073D8FE20930E0F00BDDA8E /* projectobject.swift */ = {isa = PBXFileReference; lastKnownFileType = sourcecode.swift; path = projectobject.swift; sourceTree = "<group>"; };
		3073D9002093128700BDDA8E /* projecttypecell.swift */ = {isa = PBXFileReference; lastKnownFileType = sourcecode.swift; path = projecttypecell.swift; sourceTree = "<group>"; };
		30864DA120941A1500CB8EEC /* subbplancontroller.swift */ = {isa = PBXFileReference; lastKnownFileType = sourcecode.swift; path = subbplancontroller.swift; sourceTree = "<group>"; };
		30864DA3209428F200CB8EEC /* subbplancell.swift */ = {isa = PBXFileReference; lastKnownFileType = sourcecode.swift; path = subbplancell.swift; sourceTree = "<group>"; };
		30864DA520942A6B00CB8EEC /* subbplanobject.swift */ = {isa = PBXFileReference; lastKnownFileType = sourcecode.swift; path = subbplanobject.swift; sourceTree = "<group>"; };
		308952452090700900EFD9DE /* dashboardpage.swift */ = {isa = PBXFileReference; lastKnownFileType = sourcecode.swift; path = dashboardpage.swift; sourceTree = "<group>"; };
		3091E28E20901BCE00147F9F /* ragistrationctrl.swift */ = {isa = PBXFileReference; lastKnownFileType = sourcecode.swift; path = ragistrationctrl.swift; sourceTree = "<group>"; };
		309B346C208EBFB600B29C9E /* loginpagecontroller.swift */ = {isa = PBXFileReference; lastKnownFileType = sourcecode.swift; path = loginpagecontroller.swift; sourceTree = "<group>"; };
		30AE7B3E20A13E6400AADC3B /* GoogleService-Info.plist */ = {isa = PBXFileReference; fileEncoding = 4; lastKnownFileType = text.plist.xml; name = "GoogleService-Info.plist"; path = "idashboard/GoogleService-Info.plist"; sourceTree = "<group>"; };
		30B744732096C6BC0045EC99 /* fiberplancontroller.swift */ = {isa = PBXFileReference; lastKnownFileType = sourcecode.swift; path = fiberplancontroller.swift; sourceTree = "<group>"; };
		30B744752096C7220045EC99 /* fiberplancell.swift */ = {isa = PBXFileReference; lastKnownFileType = sourcecode.swift; path = fiberplancell.swift; sourceTree = "<group>"; };
		30B744772096C7C30045EC99 /* fiberplanobject.swift */ = {isa = PBXFileReference; lastKnownFileType = sourcecode.swift; path = fiberplanobject.swift; sourceTree = "<group>"; };
		30BD23802095492D00BB74D4 /* subbactualcontroller.swift */ = {isa = PBXFileReference; lastKnownFileType = sourcecode.swift; path = subbactualcontroller.swift; sourceTree = "<group>"; };
		30BD238220954B2A00BB74D4 /* subbactualobject.swift */ = {isa = PBXFileReference; lastKnownFileType = sourcecode.swift; path = subbactualobject.swift; sourceTree = "<group>"; };
		30BD238420954B9500BB74D4 /* subbactualcell.swift */ = {isa = PBXFileReference; lastKnownFileType = sourcecode.swift; path = subbactualcell.swift; sourceTree = "<group>"; };
		30CBA810208DBA740026D45F /* idashboard.app */ = {isa = PBXFileReference; explicitFileType = wrapper.application; includeInIndex = 0; path = idashboard.app; sourceTree = BUILT_PRODUCTS_DIR; };
		30CBA813208DBA740026D45F /* AppDelegate.swift */ = {isa = PBXFileReference; lastKnownFileType = sourcecode.swift; path = AppDelegate.swift; sourceTree = "<group>"; };
		30CBA815208DBA740026D45F /* ViewController.swift */ = {isa = PBXFileReference; lastKnownFileType = sourcecode.swift; path = ViewController.swift; sourceTree = "<group>"; };
		30CBA818208DBA740026D45F /* Base */ = {isa = PBXFileReference; lastKnownFileType = file.storyboard; name = Base; path = Base.lproj/Main.storyboard; sourceTree = "<group>"; };
		30CBA81A208DBA750026D45F /* Assets.xcassets */ = {isa = PBXFileReference; lastKnownFileType = folder.assetcatalog; path = Assets.xcassets; sourceTree = "<group>"; };
		30CBA81D208DBA750026D45F /* Base */ = {isa = PBXFileReference; lastKnownFileType = file.storyboard; name = Base; path = Base.lproj/LaunchScreen.storyboard; sourceTree = "<group>"; };
		30CBA81F208DBA750026D45F /* Info.plist */ = {isa = PBXFileReference; lastKnownFileType = text.plist.xml; path = Info.plist; sourceTree = "<group>"; };
		30CBA824208DBA760026D45F /* idashboardTests.xctest */ = {isa = PBXFileReference; explicitFileType = wrapper.cfbundle; includeInIndex = 0; path = idashboardTests.xctest; sourceTree = BUILT_PRODUCTS_DIR; };
		30CBA828208DBA760026D45F /* idashboardTests.swift */ = {isa = PBXFileReference; lastKnownFileType = sourcecode.swift; path = idashboardTests.swift; sourceTree = "<group>"; };
		30CBA82A208DBA760026D45F /* Info.plist */ = {isa = PBXFileReference; lastKnownFileType = text.plist.xml; path = Info.plist; sourceTree = "<group>"; };
		30CBA82F208DBA760026D45F /* idashboardUITests.xctest */ = {isa = PBXFileReference; explicitFileType = wrapper.cfbundle; includeInIndex = 0; path = idashboardUITests.xctest; sourceTree = BUILT_PRODUCTS_DIR; };
		30CBA833208DBA760026D45F /* idashboardUITests.swift */ = {isa = PBXFileReference; lastKnownFileType = sourcecode.swift; path = idashboardUITests.swift; sourceTree = "<group>"; };
		30CBA835208DBA760026D45F /* Info.plist */ = {isa = PBXFileReference; lastKnownFileType = text.plist.xml; path = Info.plist; sourceTree = "<group>"; };
		30D29EC620ABCEA70005EDE6 /* totalsites.swift */ = {isa = PBXFileReference; lastKnownFileType = sourcecode.swift; path = totalsites.swift; sourceTree = "<group>"; };
		30D29EC820ABD2600005EDE6 /* totalsitecell.swift */ = {isa = PBXFileReference; lastKnownFileType = sourcecode.swift; path = totalsitecell.swift; sourceTree = "<group>"; };
		4EBF00F9C717B8665E8EE447 /* Pods_idashboard.framework */ = {isa = PBXFileReference; explicitFileType = wrapper.framework; includeInIndex = 0; path = Pods_idashboard.framework; sourceTree = BUILT_PRODUCTS_DIR; };
		6E684F52D0655B30F3D20BDB /* Pods-idashboard.debug.xcconfig */ = {isa = PBXFileReference; includeInIndex = 1; lastKnownFileType = text.xcconfig; name = "Pods-idashboard.debug.xcconfig"; path = "Pods/Target Support Files/Pods-idashboard/Pods-idashboard.debug.xcconfig"; sourceTree = "<group>"; };
		790AFF2B413004CFE730AAA8 /* Pods-idashboardTests.release.xcconfig */ = {isa = PBXFileReference; includeInIndex = 1; lastKnownFileType = text.xcconfig; name = "Pods-idashboardTests.release.xcconfig"; path = "Pods/Target Support Files/Pods-idashboardTests/Pods-idashboardTests.release.xcconfig"; sourceTree = "<group>"; };
		94892BE940B87A13A76ECEDD /* Pods-idashboard.release.xcconfig */ = {isa = PBXFileReference; includeInIndex = 1; lastKnownFileType = text.xcconfig; name = "Pods-idashboard.release.xcconfig"; path = "Pods/Target Support Files/Pods-idashboard/Pods-idashboard.release.xcconfig"; sourceTree = "<group>"; };
		9F15F316AE94FD1429B96A7B /* Pods-idashboardTests.debug.xcconfig */ = {isa = PBXFileReference; includeInIndex = 1; lastKnownFileType = text.xcconfig; name = "Pods-idashboardTests.debug.xcconfig"; path = "Pods/Target Support Files/Pods-idashboardTests/Pods-idashboardTests.debug.xcconfig"; sourceTree = "<group>"; };
		A7BB0E0F4F0435833D9E8AB4 /* Pods_idashboardUITests.framework */ = {isa = PBXFileReference; explicitFileType = wrapper.framework; includeInIndex = 0; path = Pods_idashboardUITests.framework; sourceTree = BUILT_PRODUCTS_DIR; };
		C520AE468A87026D9E9D30FB /* Pods_idashboardTests.framework */ = {isa = PBXFileReference; explicitFileType = wrapper.framework; includeInIndex = 0; path = Pods_idashboardTests.framework; sourceTree = BUILT_PRODUCTS_DIR; };
		D04DB4F99746C7859F699FFD /* Pods-idashboardUITests.debug.xcconfig */ = {isa = PBXFileReference; includeInIndex = 1; lastKnownFileType = text.xcconfig; name = "Pods-idashboardUITests.debug.xcconfig"; path = "Pods/Target Support Files/Pods-idashboardUITests/Pods-idashboardUITests.debug.xcconfig"; sourceTree = "<group>"; };
/* End PBXFileReference section */

/* Begin PBXFrameworksBuildPhase section */
		30CBA80D208DBA740026D45F /* Frameworks */ = {
			isa = PBXFrameworksBuildPhase;
			buildActionMask = 2147483647;
			files = (
				39E8D2237197D3CDBC1E3525 /* Pods_idashboard.framework in Frameworks */,
			);
			runOnlyForDeploymentPostprocessing = 0;
		};
		30CBA821208DBA760026D45F /* Frameworks */ = {
			isa = PBXFrameworksBuildPhase;
			buildActionMask = 2147483647;
			files = (
				1B64EC0B844D541A8FBB24D7 /* Pods_idashboardTests.framework in Frameworks */,
			);
			runOnlyForDeploymentPostprocessing = 0;
		};
		30CBA82C208DBA760026D45F /* Frameworks */ = {
			isa = PBXFrameworksBuildPhase;
			buildActionMask = 2147483647;
			files = (
				B9E0A723A7B25FB9218BA8DD /* Pods_idashboardUITests.framework in Frameworks */,
			);
			runOnlyForDeploymentPostprocessing = 0;
		};
/* End PBXFrameworksBuildPhase section */

/* Begin PBXGroup section */
		30CBA807208DBA730026D45F = {
			isa = PBXGroup;
			children = (
				30AE7B3E20A13E6400AADC3B /* GoogleService-Info.plist */,
				30CBA812208DBA740026D45F /* idashboard */,
				30CBA827208DBA760026D45F /* idashboardTests */,
				30CBA832208DBA760026D45F /* idashboardUITests */,
				30CBA811208DBA740026D45F /* Products */,
				487CED78E9EDB9BF66EA9F1F /* Pods */,
				CCB354E1E380C0B312300A0F /* Frameworks */,
			);
			sourceTree = "<group>";
		};
		30CBA811208DBA740026D45F /* Products */ = {
			isa = PBXGroup;
			children = (
				30CBA810208DBA740026D45F /* idashboard.app */,
				30CBA824208DBA760026D45F /* idashboardTests.xctest */,
				30CBA82F208DBA760026D45F /* idashboardUITests.xctest */,
			);
			name = Products;
			sourceTree = "<group>";
		};
		30CBA812208DBA740026D45F /* idashboard */ = {
			isa = PBXGroup;
			children = (
				30CBA813208DBA740026D45F /* AppDelegate.swift */,
				30CBA815208DBA740026D45F /* ViewController.swift */,
				30CBA817208DBA740026D45F /* Main.storyboard */,
				30CBA81A208DBA750026D45F /* Assets.xcassets */,
				30CBA81C208DBA750026D45F /* LaunchScreen.storyboard */,
				30CBA81F208DBA750026D45F /* Info.plist */,
				309B346C208EBFB600B29C9E /* loginpagecontroller.swift */,
				3091E28E20901BCE00147F9F /* ragistrationctrl.swift */,
				308952452090700900EFD9DE /* dashboardpage.swift */,
				3073D8FC209306F600BDDA8E /* migratedpage.swift */,
				3073D8FE20930E0F00BDDA8E /* projectobject.swift */,
				3073D9002093128700BDDA8E /* projecttypecell.swift */,
				30864DA120941A1500CB8EEC /* subbplancontroller.swift */,
				30864DA3209428F200CB8EEC /* subbplancell.swift */,
				30864DA520942A6B00CB8EEC /* subbplanobject.swift */,
				30BD23802095492D00BB74D4 /* subbactualcontroller.swift */,
				30BD238220954B2A00BB74D4 /* subbactualobject.swift */,
				30BD238420954B9500BB74D4 /* subbactualcell.swift */,
				302E3B652095CF54004B3FD7 /* subbbalancecell.swift */,
				302E3B672095CF7E004B3FD7 /* subbbalancecontroller.swift */,
				302E3B692095CFA9004B3FD7 /* subbbalanceobject.swift */,
				30B744732096C6BC0045EC99 /* fiberplancontroller.swift */,
				30B744752096C7220045EC99 /* fiberplancell.swift */,
				30B744772096C7C30045EC99 /* fiberplanobject.swift */,
				305E1E082097F0D0005F90C9 /* fiberactualcontroller.swift */,
				305E1E0A2097F105005F90C9 /* fiberactualcell.swift */,
				305E1E0C2097F12A005F90C9 /* fiberactualobject.swift */,
				305E1E0E2097FF2B005F90C9 /* fiberbalanceobject.swift */,
				305E1E102097FF44005F90C9 /* fiberbalancecell.swift */,
				305E1E122097FF64005F90C9 /* fiberbalancecontroller.swift */,
				305E1E1420980B30005F90C9 /* coloplancontroller.swift */,
				305E1E1620980B4B005F90C9 /* coloplancell.swift */,
				305E1E1820980B69005F90C9 /* coloplanobject.swift */,
				305E1E1A209828A0005F90C9 /* coloactualobject.swift */,
				305E1E1C209828DB005F90C9 /* coloactualcontroller.swift */,
				305E1E1E20982902005F90C9 /* coloactualcell.swift */,
				305E1E2020982DC0005F90C9 /* colobalancecontroller.swift */,
				305E1E2220982E87005F90C9 /* colobalancecell.swift */,
				305E1E2420982EA7005F90C9 /* colobalanceobject.swift */,
				30D29EC620ABCEA70005EDE6 /* totalsites.swift */,
				30D29EC820ABD2600005EDE6 /* totalsitecell.swift */,
			);
			path = idashboard;
			sourceTree = "<group>";
		};
		30CBA827208DBA760026D45F /* idashboardTests */ = {
			isa = PBXGroup;
			children = (
				30CBA828208DBA760026D45F /* idashboardTests.swift */,
				30CBA82A208DBA760026D45F /* Info.plist */,
			);
			path = idashboardTests;
			sourceTree = "<group>";
		};
		30CBA832208DBA760026D45F /* idashboardUITests */ = {
			isa = PBXGroup;
			children = (
				30CBA833208DBA760026D45F /* idashboardUITests.swift */,
				30CBA835208DBA760026D45F /* Info.plist */,
			);
			path = idashboardUITests;
			sourceTree = "<group>";
		};
		487CED78E9EDB9BF66EA9F1F /* Pods */ = {
			isa = PBXGroup;
			children = (
				6E684F52D0655B30F3D20BDB /* Pods-idashboard.debug.xcconfig */,
				94892BE940B87A13A76ECEDD /* Pods-idashboard.release.xcconfig */,
				9F15F316AE94FD1429B96A7B /* Pods-idashboardTests.debug.xcconfig */,
				790AFF2B413004CFE730AAA8 /* Pods-idashboardTests.release.xcconfig */,
				D04DB4F99746C7859F699FFD /* Pods-idashboardUITests.debug.xcconfig */,
				13C37136DBD46082E883BF6D /* Pods-idashboardUITests.release.xcconfig */,
			);
			name = Pods;
			sourceTree = "<group>";
		};
		CCB354E1E380C0B312300A0F /* Frameworks */ = {
			isa = PBXGroup;
			children = (
				4EBF00F9C717B8665E8EE447 /* Pods_idashboard.framework */,
				C520AE468A87026D9E9D30FB /* Pods_idashboardTests.framework */,
				A7BB0E0F4F0435833D9E8AB4 /* Pods_idashboardUITests.framework */,
			);
			name = Frameworks;
			sourceTree = "<group>";
		};
/* End PBXGroup section */

/* Begin PBXNativeTarget section */
		30CBA80F208DBA740026D45F /* idashboard */ = {
			isa = PBXNativeTarget;
			buildConfigurationList = 30CBA838208DBA760026D45F /* Build configuration list for PBXNativeTarget "idashboard" */;
			buildPhases = (
				E30F44F679D23ED0778C0550 /* [CP] Check Pods Manifest.lock */,
				30CBA80C208DBA740026D45F /* Sources */,
				30CBA80D208DBA740026D45F /* Frameworks */,
				30CBA80E208DBA740026D45F /* Resources */,
				791EE91E26E8551C0C3C3C05 /* [CP] Embed Pods Frameworks */,
				2D49DD1959D79B9A3270443D /* [CP] Copy Pods Resources */,
			);
			buildRules = (
			);
			dependencies = (
			);
			name = idashboard;
			productName = idashboard;
			productReference = 30CBA810208DBA740026D45F /* idashboard.app */;
			productType = "com.apple.product-type.application";
		};
		30CBA823208DBA760026D45F /* idashboardTests */ = {
			isa = PBXNativeTarget;
			buildConfigurationList = 30CBA83B208DBA760026D45F /* Build configuration list for PBXNativeTarget "idashboardTests" */;
			buildPhases = (
				EC8E948D15042903490107FB /* [CP] Check Pods Manifest.lock */,
				30CBA820208DBA760026D45F /* Sources */,
				30CBA821208DBA760026D45F /* Frameworks */,
				30CBA822208DBA760026D45F /* Resources */,
				37D83C194EDD2752C79FF06B /* [CP] Embed Pods Frameworks */,
				0732F7A74BB3F8156644D80B /* [CP] Copy Pods Resources */,
			);
			buildRules = (
			);
			dependencies = (
				30CBA826208DBA760026D45F /* PBXTargetDependency */,
			);
			name = idashboardTests;
			productName = idashboardTests;
			productReference = 30CBA824208DBA760026D45F /* idashboardTests.xctest */;
			productType = "com.apple.product-type.bundle.unit-test";
		};
		30CBA82E208DBA760026D45F /* idashboardUITests */ = {
			isa = PBXNativeTarget;
			buildConfigurationList = 30CBA83E208DBA760026D45F /* Build configuration list for PBXNativeTarget "idashboardUITests" */;
			buildPhases = (
				64D4E99B5894517D18683E1D /* [CP] Check Pods Manifest.lock */,
				30CBA82B208DBA760026D45F /* Sources */,
				30CBA82C208DBA760026D45F /* Frameworks */,
				30CBA82D208DBA760026D45F /* Resources */,
				0A0D46851FEEECD79CFD3843 /* [CP] Embed Pods Frameworks */,
				FA43F67E39DA638A721189C4 /* [CP] Copy Pods Resources */,
			);
			buildRules = (
			);
			dependencies = (
				30CBA831208DBA760026D45F /* PBXTargetDependency */,
			);
			name = idashboardUITests;
			productName = idashboardUITests;
			productReference = 30CBA82F208DBA760026D45F /* idashboardUITests.xctest */;
			productType = "com.apple.product-type.bundle.ui-testing";
		};
/* End PBXNativeTarget section */

/* Begin PBXProject section */
		30CBA808208DBA740026D45F /* Project object */ = {
			isa = PBXProject;
			attributes = {
				LastSwiftUpdateCheck = 0930;
				LastUpgradeCheck = 0930;
				ORGANIZATIONNAME = "Hasanul Isyraf";
				TargetAttributes = {
					30CBA80F208DBA740026D45F = {
						CreatedOnToolsVersion = 9.3;
					};
					30CBA823208DBA760026D45F = {
						CreatedOnToolsVersion = 9.3;
						TestTargetID = 30CBA80F208DBA740026D45F;
					};
					30CBA82E208DBA760026D45F = {
						CreatedOnToolsVersion = 9.3;
						TestTargetID = 30CBA80F208DBA740026D45F;
					};
				};
			};
			buildConfigurationList = 30CBA80B208DBA740026D45F /* Build configuration list for PBXProject "idashboard" */;
			compatibilityVersion = "Xcode 9.3";
			developmentRegion = en;
			hasScannedForEncodings = 0;
			knownRegions = (
				en,
				Base,
			);
			mainGroup = 30CBA807208DBA730026D45F;
			productRefGroup = 30CBA811208DBA740026D45F /* Products */;
			projectDirPath = "";
			projectRoot = "";
			targets = (
				30CBA80F208DBA740026D45F /* idashboard */,
				30CBA823208DBA760026D45F /* idashboardTests */,
				30CBA82E208DBA760026D45F /* idashboardUITests */,
			);
		};
/* End PBXProject section */

/* Begin PBXResourcesBuildPhase section */
		30CBA80E208DBA740026D45F /* Resources */ = {
			isa = PBXResourcesBuildPhase;
			buildActionMask = 2147483647;
			files = (
				30CBA81E208DBA750026D45F /* LaunchScreen.storyboard in Resources */,
				30AE7B3F20A13E6400AADC3B /* GoogleService-Info.plist in Resources */,
				30CBA81B208DBA750026D45F /* Assets.xcassets in Resources */,
				30CBA819208DBA740026D45F /* Main.storyboard in Resources */,
			);
			runOnlyForDeploymentPostprocessing = 0;
		};
		30CBA822208DBA760026D45F /* Resources */ = {
			isa = PBXResourcesBuildPhase;
			buildActionMask = 2147483647;
			files = (
			);
			runOnlyForDeploymentPostprocessing = 0;
		};
		30CBA82D208DBA760026D45F /* Resources */ = {
			isa = PBXResourcesBuildPhase;
			buildActionMask = 2147483647;
			files = (
			);
			runOnlyForDeploymentPostprocessing = 0;
		};
/* End PBXResourcesBuildPhase section */

/* Begin PBXShellScriptBuildPhase section */
		0732F7A74BB3F8156644D80B /* [CP] Copy Pods Resources */ = {
			isa = PBXShellScriptBuildPhase;
			buildActionMask = 2147483647;
			files = (
			);
			inputPaths = (
			);
			name = "[CP] Copy Pods Resources";
			outputPaths = (
			);
			runOnlyForDeploymentPostprocessing = 0;
			shellPath = /bin/sh;
			shellScript = "\"${SRCROOT}/Pods/Target Support Files/Pods-idashboardTests/Pods-idashboardTests-resources.sh\"\n";
			showEnvVarsInLog = 0;
		};
		0A0D46851FEEECD79CFD3843 /* [CP] Embed Pods Frameworks */ = {
			isa = PBXShellScriptBuildPhase;
			buildActionMask = 2147483647;
			files = (
			);
			inputPaths = (
			);
			name = "[CP] Embed Pods Frameworks";
			outputPaths = (
			);
			runOnlyForDeploymentPostprocessing = 0;
			shellPath = /bin/sh;
			shellScript = "\"${SRCROOT}/Pods/Target Support Files/Pods-idashboardUITests/Pods-idashboardUITests-frameworks.sh\"\n";
			showEnvVarsInLog = 0;
		};
		2D49DD1959D79B9A3270443D /* [CP] Copy Pods Resources */ = {
			isa = PBXShellScriptBuildPhase;
			buildActionMask = 2147483647;
			files = (
			);
			inputPaths = (
			);
			name = "[CP] Copy Pods Resources";
			outputPaths = (
			);
			runOnlyForDeploymentPostprocessing = 0;
			shellPath = /bin/sh;
			shellScript = "\"${SRCROOT}/Pods/Target Support Files/Pods-idashboard/Pods-idashboard-resources.sh\"\n";
			showEnvVarsInLog = 0;
		};
		37D83C194EDD2752C79FF06B /* [CP] Embed Pods Frameworks */ = {
			isa = PBXShellScriptBuildPhase;
			buildActionMask = 2147483647;
			files = (
			);
			inputPaths = (
			);
			name = "[CP] Embed Pods Frameworks";
			outputPaths = (
			);
			runOnlyForDeploymentPostprocessing = 0;
			shellPath = /bin/sh;
			shellScript = "\"${SRCROOT}/Pods/Target Support Files/Pods-idashboardTests/Pods-idashboardTests-frameworks.sh\"\n";
			showEnvVarsInLog = 0;
		};
		64D4E99B5894517D18683E1D /* [CP] Check Pods Manifest.lock */ = {
			isa = PBXShellScriptBuildPhase;
			buildActionMask = 2147483647;
			files = (
			);
			inputPaths = (
			);
			name = "[CP] Check Pods Manifest.lock";
			outputPaths = (
			);
			runOnlyForDeploymentPostprocessing = 0;
			shellPath = /bin/sh;
			shellScript = "diff \"${PODS_ROOT}/../Podfile.lock\" \"${PODS_ROOT}/Manifest.lock\" > /dev/null\nif [ $? != 0 ] ; then\n    # print error to STDERR\n    echo \"error: The sandbox is not in sync with the Podfile.lock. Run 'pod install' or update your CocoaPods installation.\" >&2\n    exit 1\nfi\n";
			showEnvVarsInLog = 0;
		};
		791EE91E26E8551C0C3C3C05 /* [CP] Embed Pods Frameworks */ = {
			isa = PBXShellScriptBuildPhase;
			buildActionMask = 2147483647;
			files = (
			);
			inputPaths = (
			);
			name = "[CP] Embed Pods Frameworks";
			outputPaths = (
			);
			runOnlyForDeploymentPostprocessing = 0;
			shellPath = /bin/sh;
			shellScript = "\"${SRCROOT}/Pods/Target Support Files/Pods-idashboard/Pods-idashboard-frameworks.sh\"\n";
			showEnvVarsInLog = 0;
		};
		E30F44F679D23ED0778C0550 /* [CP] Check Pods Manifest.lock */ = {
			isa = PBXShellScriptBuildPhase;
			buildActionMask = 2147483647;
			files = (
			);
			inputPaths = (
			);
			name = "[CP] Check Pods Manifest.lock";
			outputPaths = (
			);
			runOnlyForDeploymentPostprocessing = 0;
			shellPath = /bin/sh;
			shellScript = "diff \"${PODS_ROOT}/../Podfile.lock\" \"${PODS_ROOT}/Manifest.lock\" > /dev/null\nif [ $? != 0 ] ; then\n    # print error to STDERR\n    echo \"error: The sandbox is not in sync with the Podfile.lock. Run 'pod install' or update your CocoaPods installation.\" >&2\n    exit 1\nfi\n";
			showEnvVarsInLog = 0;
		};
		EC8E948D15042903490107FB /* [CP] Check Pods Manifest.lock */ = {
			isa = PBXShellScriptBuildPhase;
			buildActionMask = 2147483647;
			files = (
			);
			inputPaths = (
			);
			name = "[CP] Check Pods Manifest.lock";
			outputPaths = (
			);
			runOnlyForDeploymentPostprocessing = 0;
			shellPath = /bin/sh;
			shellScript = "diff \"${PODS_ROOT}/../Podfile.lock\" \"${PODS_ROOT}/Manifest.lock\" > /dev/null\nif [ $? != 0 ] ; then\n    # print error to STDERR\n    echo \"error: The sandbox is not in sync with the Podfile.lock. Run 'pod install' or update your CocoaPods installation.\" >&2\n    exit 1\nfi\n";
			showEnvVarsInLog = 0;
		};
		FA43F67E39DA638A721189C4 /* [CP] Copy Pods Resources */ = {
			isa = PBXShellScriptBuildPhase;
			buildActionMask = 2147483647;
			files = (
			);
			inputPaths = (
			);
			name = "[CP] Copy Pods Resources";
			outputPaths = (
			);
			runOnlyForDeploymentPostprocessing = 0;
			shellPath = /bin/sh;
			shellScript = "\"${SRCROOT}/Pods/Target Support Files/Pods-idashboardUITests/Pods-idashboardUITests-resources.sh\"\n";
			showEnvVarsInLog = 0;
		};
/* End PBXShellScriptBuildPhase section */

/* Begin PBXSourcesBuildPhase section */
		30CBA80C208DBA740026D45F /* Sources */ = {
			isa = PBXSourcesBuildPhase;
			buildActionMask = 2147483647;
			files = (
				305E1E0B2097F105005F90C9 /* fiberactualcell.swift in Sources */,
				305E1E1720980B4B005F90C9 /* coloplancell.swift in Sources */,
				305E1E1D209828DB005F90C9 /* coloactualcontroller.swift in Sources */,
				30B744762096C7220045EC99 /* fiberplancell.swift in Sources */,
				309B346D208EBFB600B29C9E /* loginpagecontroller.swift in Sources */,
				302E3B6A2095CFA9004B3FD7 /* subbbalanceobject.swift in Sources */,
				3073D9012093128700BDDA8E /* projecttypecell.swift in Sources */,
				3073D8FF20930E0F00BDDA8E /* projectobject.swift in Sources */,
				30864DA620942A6B00CB8EEC /* subbplanobject.swift in Sources */,
				305E1E132097FF64005F90C9 /* fiberbalancecontroller.swift in Sources */,
				3091E28F20901BCE00147F9F /* ragistrationctrl.swift in Sources */,
				308952462090700900EFD9DE /* dashboardpage.swift in Sources */,
				30864DA220941A1500CB8EEC /* subbplancontroller.swift in Sources */,
				30BD23812095492D00BB74D4 /* subbactualcontroller.swift in Sources */,
				305E1E112097FF44005F90C9 /* fiberbalancecell.swift in Sources */,
				30B744782096C7C30045EC99 /* fiberplanobject.swift in Sources */,
				302E3B662095CF54004B3FD7 /* subbbalancecell.swift in Sources */,
				30D29EC920ABD2600005EDE6 /* totalsitecell.swift in Sources */,
				305E1E1520980B30005F90C9 /* coloplancontroller.swift in Sources */,
				3073D8FD209306F600BDDA8E /* migratedpage.swift in Sources */,
				30D29EC720ABCEA80005EDE6 /* totalsites.swift in Sources */,
				30B744742096C6BC0045EC99 /* fiberplancontroller.swift in Sources */,
				30BD238520954B9500BB74D4 /* subbactualcell.swift in Sources */,
				305E1E1920980B69005F90C9 /* coloplanobject.swift in Sources */,
				305E1E1F20982902005F90C9 /* coloactualcell.swift in Sources */,
				305E1E0F2097FF2B005F90C9 /* fiberbalanceobject.swift in Sources */,
				305E1E0D2097F12A005F90C9 /* fiberactualobject.swift in Sources */,
				305E1E2320982E87005F90C9 /* colobalancecell.swift in Sources */,
				30BD238320954B2A00BB74D4 /* subbactualobject.swift in Sources */,
				302E3B682095CF7E004B3FD7 /* subbbalancecontroller.swift in Sources */,
				305E1E2120982DC0005F90C9 /* colobalancecontroller.swift in Sources */,
				305E1E092097F0D0005F90C9 /* fiberactualcontroller.swift in Sources */,
				305E1E2520982EA7005F90C9 /* colobalanceobject.swift in Sources */,
				30CBA816208DBA740026D45F /* ViewController.swift in Sources */,
				305E1E1B209828A0005F90C9 /* coloactualobject.swift in Sources */,
				30864DA4209428F200CB8EEC /* subbplancell.swift in Sources */,
				30CBA814208DBA740026D45F /* AppDelegate.swift in Sources */,
			);
			runOnlyForDeploymentPostprocessing = 0;
		};
		30CBA820208DBA760026D45F /* Sources */ = {
			isa = PBXSourcesBuildPhase;
			buildActionMask = 2147483647;
			files = (
				30CBA829208DBA760026D45F /* idashboardTests.swift in Sources */,
			);
			runOnlyForDeploymentPostprocessing = 0;
		};
		30CBA82B208DBA760026D45F /* Sources */ = {
			isa = PBXSourcesBuildPhase;
			buildActionMask = 2147483647;
			files = (
				30CBA834208DBA760026D45F /* idashboardUITests.swift in Sources */,
			);
			runOnlyForDeploymentPostprocessing = 0;
		};
/* End PBXSourcesBuildPhase section */

/* Begin PBXTargetDependency section */
		30CBA826208DBA760026D45F /* PBXTargetDependency */ = {
			isa = PBXTargetDependency;
			target = 30CBA80F208DBA740026D45F /* idashboard */;
			targetProxy = 30CBA825208DBA760026D45F /* PBXContainerItemProxy */;
		};
		30CBA831208DBA760026D45F /* PBXTargetDependency */ = {
			isa = PBXTargetDependency;
			target = 30CBA80F208DBA740026D45F /* idashboard */;
			targetProxy = 30CBA830208DBA760026D45F /* PBXContainerItemProxy */;
		};
/* End PBXTargetDependency section */

/* Begin PBXVariantGroup section */
		30CBA817208DBA740026D45F /* Main.storyboard */ = {
			isa = PBXVariantGroup;
			children = (
				30CBA818208DBA740026D45F /* Base */,
			);
			name = Main.storyboard;
			sourceTree = "<group>";
		};
		30CBA81C208DBA750026D45F /* LaunchScreen.storyboard */ = {
			isa = PBXVariantGroup;
			children = (
				30CBA81D208DBA750026D45F /* Base */,
			);
			name = LaunchScreen.storyboard;
			sourceTree = "<group>";
		};
/* End PBXVariantGroup section */

/* Begin XCBuildConfiguration section */
		30CBA836208DBA760026D45F /* Debug */ = {
			isa = XCBuildConfiguration;
			buildSettings = {
				ALWAYS_SEARCH_USER_PATHS = NO;
				CLANG_ANALYZER_NONNULL = YES;
				CLANG_ANALYZER_NUMBER_OBJECT_CONVERSION = YES_AGGRESSIVE;
				CLANG_CXX_LANGUAGE_STANDARD = "gnu++14";
				CLANG_CXX_LIBRARY = "libc++";
				CLANG_ENABLE_MODULES = YES;
				CLANG_ENABLE_OBJC_ARC = YES;
				CLANG_ENABLE_OBJC_WEAK = YES;
				CLANG_WARN_BLOCK_CAPTURE_AUTORELEASING = YES;
				CLANG_WARN_BOOL_CONVERSION = YES;
				CLANG_WARN_COMMA = YES;
				CLANG_WARN_CONSTANT_CONVERSION = YES;
				CLANG_WARN_DEPRECATED_OBJC_IMPLEMENTATIONS = YES;
				CLANG_WARN_DIRECT_OBJC_ISA_USAGE = YES_ERROR;
				CLANG_WARN_DOCUMENTATION_COMMENTS = YES;
				CLANG_WARN_EMPTY_BODY = YES;
				CLANG_WARN_ENUM_CONVERSION = YES;
				CLANG_WARN_INFINITE_RECURSION = YES;
				CLANG_WARN_INT_CONVERSION = YES;
				CLANG_WARN_NON_LITERAL_NULL_CONVERSION = YES;
				CLANG_WARN_OBJC_IMPLICIT_RETAIN_SELF = YES;
				CLANG_WARN_OBJC_LITERAL_CONVERSION = YES;
				CLANG_WARN_OBJC_ROOT_CLASS = YES_ERROR;
				CLANG_WARN_RANGE_LOOP_ANALYSIS = YES;
				CLANG_WARN_STRICT_PROTOTYPES = YES;
				CLANG_WARN_SUSPICIOUS_MOVE = YES;
				CLANG_WARN_UNGUARDED_AVAILABILITY = YES_AGGRESSIVE;
				CLANG_WARN_UNREACHABLE_CODE = YES;
				CLANG_WARN__DUPLICATE_METHOD_MATCH = YES;
				CODE_SIGN_IDENTITY = "iPhone Developer";
				COPY_PHASE_STRIP = NO;
				DEBUG_INFORMATION_FORMAT = dwarf;
				ENABLE_STRICT_OBJC_MSGSEND = YES;
				ENABLE_TESTABILITY = YES;
				GCC_C_LANGUAGE_STANDARD = gnu11;
				GCC_DYNAMIC_NO_PIC = NO;
				GCC_NO_COMMON_BLOCKS = YES;
				GCC_OPTIMIZATION_LEVEL = 0;
				GCC_PREPROCESSOR_DEFINITIONS = (
					"DEBUG=1",
					"$(inherited)",
				);
				GCC_WARN_64_TO_32_BIT_CONVERSION = YES;
				GCC_WARN_ABOUT_RETURN_TYPE = YES_ERROR;
				GCC_WARN_UNDECLARED_SELECTOR = YES;
				GCC_WARN_UNINITIALIZED_AUTOS = YES_AGGRESSIVE;
				GCC_WARN_UNUSED_FUNCTION = YES;
				GCC_WARN_UNUSED_VARIABLE = YES;
				IPHONEOS_DEPLOYMENT_TARGET = 11.3;
				MTL_ENABLE_DEBUG_INFO = YES;
				ONLY_ACTIVE_ARCH = YES;
				SDKROOT = iphoneos;
				SWIFT_ACTIVE_COMPILATION_CONDITIONS = DEBUG;
				SWIFT_OPTIMIZATION_LEVEL = "-Onone";
			};
			name = Debug;
		};
		30CBA837208DBA760026D45F /* Release */ = {
			isa = XCBuildConfiguration;
			buildSettings = {
				ALWAYS_SEARCH_USER_PATHS = NO;
				CLANG_ANALYZER_NONNULL = YES;
				CLANG_ANALYZER_NUMBER_OBJECT_CONVERSION = YES_AGGRESSIVE;
				CLANG_CXX_LANGUAGE_STANDARD = "gnu++14";
				CLANG_CXX_LIBRARY = "libc++";
				CLANG_ENABLE_MODULES = YES;
				CLANG_ENABLE_OBJC_ARC = YES;
				CLANG_ENABLE_OBJC_WEAK = YES;
				CLANG_WARN_BLOCK_CAPTURE_AUTORELEASING = YES;
				CLANG_WARN_BOOL_CONVERSION = YES;
				CLANG_WARN_COMMA = YES;
				CLANG_WARN_CONSTANT_CONVERSION = YES;
				CLANG_WARN_DEPRECATED_OBJC_IMPLEMENTATIONS = YES;
				CLANG_WARN_DIRECT_OBJC_ISA_USAGE = YES_ERROR;
				CLANG_WARN_DOCUMENTATION_COMMENTS = YES;
				CLANG_WARN_EMPTY_BODY = YES;
				CLANG_WARN_ENUM_CONVERSION = YES;
				CLANG_WARN_INFINITE_RECURSION = YES;
				CLANG_WARN_INT_CONVERSION = YES;
				CLANG_WARN_NON_LITERAL_NULL_CONVERSION = YES;
				CLANG_WARN_OBJC_IMPLICIT_RETAIN_SELF = YES;
				CLANG_WARN_OBJC_LITERAL_CONVERSION = YES;
				CLANG_WARN_OBJC_ROOT_CLASS = YES_ERROR;
				CLANG_WARN_RANGE_LOOP_ANALYSIS = YES;
				CLANG_WARN_STRICT_PROTOTYPES = YES;
				CLANG_WARN_SUSPICIOUS_MOVE = YES;
				CLANG_WARN_UNGUARDED_AVAILABILITY = YES_AGGRESSIVE;
				CLANG_WARN_UNREACHABLE_CODE = YES;
				CLANG_WARN__DUPLICATE_METHOD_MATCH = YES;
				CODE_SIGN_IDENTITY = "iPhone Developer";
				COPY_PHASE_STRIP = NO;
				DEBUG_INFORMATION_FORMAT = "dwarf-with-dsym";
				ENABLE_NS_ASSERTIONS = NO;
				ENABLE_STRICT_OBJC_MSGSEND = YES;
				GCC_C_LANGUAGE_STANDARD = gnu11;
				GCC_NO_COMMON_BLOCKS = YES;
				GCC_WARN_64_TO_32_BIT_CONVERSION = YES;
				GCC_WARN_ABOUT_RETURN_TYPE = YES_ERROR;
				GCC_WARN_UNDECLARED_SELECTOR = YES;
				GCC_WARN_UNINITIALIZED_AUTOS = YES_AGGRESSIVE;
				GCC_WARN_UNUSED_FUNCTION = YES;
				GCC_WARN_UNUSED_VARIABLE = YES;
				IPHONEOS_DEPLOYMENT_TARGET = 11.3;
				MTL_ENABLE_DEBUG_INFO = NO;
				SDKROOT = iphoneos;
				SWIFT_COMPILATION_MODE = wholemodule;
				SWIFT_OPTIMIZATION_LEVEL = "-O";
				VALIDATE_PRODUCT = YES;
			};
			name = Release;
		};
		30CBA839208DBA760026D45F /* Debug */ = {
			isa = XCBuildConfiguration;
			baseConfigurationReference = 6E684F52D0655B30F3D20BDB /* Pods-idashboard.debug.xcconfig */;
			buildSettings = {
				ASSETCATALOG_COMPILER_APPICON_NAME = AppIcon;
				CODE_SIGN_STYLE = Automatic;
				DEVELOPMENT_TEAM = XUR2D2723B;
				INFOPLIST_FILE = idashboard/Info.plist;
				IPHONEOS_DEPLOYMENT_TARGET = 10.0;
				LD_RUNPATH_SEARCH_PATHS = (
					"$(inherited)",
					"@executable_path/Frameworks",
				);
				PRODUCT_BUNDLE_IDENTIFIER = my.com.tm.idecomm;
				PRODUCT_NAME = "$(TARGET_NAME)";
				SWIFT_VERSION = 4.0;
				TARGETED_DEVICE_FAMILY = "1,2";
			};
			name = Debug;
		};
		30CBA83A208DBA760026D45F /* Release */ = {
			isa = XCBuildConfiguration;
			baseConfigurationReference = 94892BE940B87A13A76ECEDD /* Pods-idashboard.release.xcconfig */;
			buildSettings = {
				ASSETCATALOG_COMPILER_APPICON_NAME = AppIcon;
				CODE_SIGN_STYLE = Automatic;
				DEVELOPMENT_TEAM = XUR2D2723B;
				INFOPLIST_FILE = idashboard/Info.plist;
				IPHONEOS_DEPLOYMENT_TARGET = 10.0;
				LD_RUNPATH_SEARCH_PATHS = (
					"$(inherited)",
					"@executable_path/Frameworks",
				);
				PRODUCT_BUNDLE_IDENTIFIER = my.com.tm.idecomm;
				PRODUCT_NAME = "$(TARGET_NAME)";
				SWIFT_VERSION = 4.0;
				TARGETED_DEVICE_FAMILY = "1,2";
			};
			name = Release;
		};
		30CBA83C208DBA760026D45F /* Debug */ = {
			isa = XCBuildConfiguration;
			baseConfigurationReference = 9F15F316AE94FD1429B96A7B /* Pods-idashboardTests.debug.xcconfig */;
			buildSettings = {
				ALWAYS_EMBED_SWIFT_STANDARD_LIBRARIES = YES;
				BUNDLE_LOADER = "$(TEST_HOST)";
				CODE_SIGN_STYLE = Automatic;
				DEVELOPMENT_TEAM = XUR2D2723B;
				INFOPLIST_FILE = idashboardTests/Info.plist;
				LD_RUNPATH_SEARCH_PATHS = (
					"$(inherited)",
					"@executable_path/Frameworks",
					"@loader_path/Frameworks",
				);
				PRODUCT_BUNDLE_IDENTIFIER = my.com.tm.idashboard.idashboardTests;
				PRODUCT_NAME = "$(TARGET_NAME)";
				SWIFT_VERSION = 4.0;
				TARGETED_DEVICE_FAMILY = "1,2";
				TEST_HOST = "$(BUILT_PRODUCTS_DIR)/idashboard.app/idashboard";
			};
			name = Debug;
		};
		30CBA83D208DBA760026D45F /* Release */ = {
			isa = XCBuildConfiguration;
			baseConfigurationReference = 790AFF2B413004CFE730AAA8 /* Pods-idashboardTests.release.xcconfig */;
			buildSettings = {
				ALWAYS_EMBED_SWIFT_STANDARD_LIBRARIES = YES;
				BUNDLE_LOADER = "$(TEST_HOST)";
				CODE_SIGN_STYLE = Automatic;
				DEVELOPMENT_TEAM = XUR2D2723B;
				INFOPLIST_FILE = idashboardTests/Info.plist;
				LD_RUNPATH_SEARCH_PATHS = (
					"$(inherited)",
					"@executable_path/Frameworks",
					"@loader_path/Frameworks",
				);
				PRODUCT_BUNDLE_IDENTIFIER = my.com.tm.idashboard.idashboardTests;
				PRODUCT_NAME = "$(TARGET_NAME)";
				SWIFT_VERSION = 4.0;
				TARGETED_DEVICE_FAMILY = "1,2";
				TEST_HOST = "$(BUILT_PRODUCTS_DIR)/idashboard.app/idashboard";
			};
			name = Release;
		};
		30CBA83F208DBA760026D45F /* Debug */ = {
			isa = XCBuildConfiguration;
			baseConfigurationReference = D04DB4F99746C7859F699FFD /* Pods-idashboardUITests.debug.xcconfig */;
			buildSettings = {
				ALWAYS_EMBED_SWIFT_STANDARD_LIBRARIES = YES;
				CODE_SIGN_STYLE = Automatic;
				DEVELOPMENT_TEAM = XUR2D2723B;
				INFOPLIST_FILE = idashboardUITests/Info.plist;
				LD_RUNPATH_SEARCH_PATHS = (
					"$(inherited)",
					"@executable_path/Frameworks",
					"@loader_path/Frameworks",
				);
				PRODUCT_BUNDLE_IDENTIFIER = my.com.tm.idashboard.idashboardUITests;
				PRODUCT_NAME = "$(TARGET_NAME)";
				SWIFT_VERSION = 4.0;
				TARGETED_DEVICE_FAMILY = "1,2";
				TEST_TARGET_NAME = idashboard;
			};
			name = Debug;
		};
		30CBA840208DBA760026D45F /* Release */ = {
			isa = XCBuildConfiguration;
			baseConfigurationReference = 13C37136DBD46082E883BF6D /* Pods-idashboardUITests.release.xcconfig */;
			buildSettings = {
				ALWAYS_EMBED_SWIFT_STANDARD_LIBRARIES = YES;
				CODE_SIGN_STYLE = Automatic;
				DEVELOPMENT_TEAM = XUR2D2723B;
				INFOPLIST_FILE = idashboardUITests/Info.plist;
				LD_RUNPATH_SEARCH_PATHS = (
					"$(inherited)",
					"@executable_path/Frameworks",
					"@loader_path/Frameworks",
				);
				PRODUCT_BUNDLE_IDENTIFIER = my.com.tm.idashboard.idashboardUITests;
				PRODUCT_NAME = "$(TARGET_NAME)";
				SWIFT_VERSION = 4.0;
				TARGETED_DEVICE_FAMILY = "1,2";
				TEST_TARGET_NAME = idashboard;
			};
			name = Release;
		};
/* End XCBuildConfiguration section */

/* Begin XCConfigurationList section */
		30CBA80B208DBA740026D45F /* Build configuration list for PBXProject "idashboard" */ = {
			isa = XCConfigurationList;
			buildConfigurations = (
				30CBA836208DBA760026D45F /* Debug */,
				30CBA837208DBA760026D45F /* Release */,
			);
			defaultConfigurationIsVisible = 0;
			defaultConfigurationName = Release;
		};
		30CBA838208DBA760026D45F /* Build configuration list for PBXNativeTarget "idashboard" */ = {
			isa = XCConfigurationList;
			buildConfigurations = (
				30CBA839208DBA760026D45F /* Debug */,
				30CBA83A208DBA760026D45F /* Release */,
			);
			defaultConfigurationIsVisible = 0;
			defaultConfigurationName = Release;
		};
		30CBA83B208DBA760026D45F /* Build configuration list for PBXNativeTarget "idashboardTests" */ = {
			isa = XCConfigurationList;
			buildConfigurations = (
				30CBA83C208DBA760026D45F /* Debug */,
				30CBA83D208DBA760026D45F /* Release */,
			);
			defaultConfigurationIsVisible = 0;
			defaultConfigurationName = Release;
		};
		30CBA83E208DBA760026D45F /* Build configuration list for PBXNativeTarget "idashboardUITests" */ = {
			isa = XCConfigurationList;
			buildConfigurations = (
				30CBA83F208DBA760026D45F /* Debug */,
				30CBA840208DBA760026D45F /* Release */,
			);
			defaultConfigurationIsVisible = 0;
			defaultConfigurationName = Release;
		};
/* End XCConfigurationList section */
	};
	rootObject = 30CBA808208DBA740026D45F /* Project object */;
}
